
Microsoft Visual Studio Solution File, Format Version 12.00
# Visual Studio Version 17
VisualStudioVersion = 17.9.34701.34
MinimumVisualStudioVersion = 10.0.40219.1
Project("{8BC9CEB8-8B4A-11D0-8D11-00A0C91BC942}") = "Game", "Game\Game.vcxproj", "{5CD95F99-E0E9-47E1-B965-4B9228A91793}"
EndProject
Project("{8BC9CEB8-8B4A-11D0-8D11-00A0C91BC942}") = "ParsingLib", "ParsingLib\ParsingLib.vcxproj", "{9C5B08B4-7AA6-4816-B241-A1735FC3C37E}"
EndProject
Project("{8BC9CEB8-8B4A-11D0-8D11-00A0C91BC942}") = "InventoryLib", "InventoryLib\InventoryLib.vcxproj", "{A7EF8D11-05CE-478D-BBE7-964F5681197B}"
EndProject
Global
	GlobalSection(SolutionConfigurationPlatforms) = preSolution
		Debug|x64 = Debug|x64
		Debug|x86 = Debug|x86
		Release|x64 = Release|x64
		Release|x86 = Release|x86
	EndGlobalSection
	GlobalSection(ProjectConfigurationPlatforms) = postSolution
		{5CD95F99-E0E9-47E1-B965-4B9228A91793}.Debug|x64.ActiveCfg = Debug|x64
		{5CD95F99-E0E9-47E1-B965-4B9228A91793}.Debug|x64.Build.0 = Debug|x64
		{5CD95F99-E0E9-47E1-B965-4B9228A91793}.Debug|x86.ActiveCfg = Debug|Win32
		{5CD95F99-E0E9-47E1-B965-4B9228A91793}.Debug|x86.Build.0 = Debug|Win32
		{5CD95F99-E0E9-47E1-B965-4B9228A91793}.Release|x64.ActiveCfg = Release|x64
		{5CD95F99-E0E9-47E1-B965-4B9228A91793}.Release|x64.Build.0 = Release|x64
		{5CD95F99-E0E9-47E1-B965-4B9228A91793}.Release|x86.ActiveCfg = Release|Win32
		{5CD95F99-E0E9-47E1-B965-4B9228A91793}.Release|x86.Build.0 = Release|Win32
		{9C5B08B4-7AA6-4816-B241-A1735FC3C37E}.Debug|x64.ActiveCfg = Debug|x64
		{9C5B08B4-7AA6-4816-B241-A1735FC3C37E}.Debug|x64.Build.0 = Debug|x64
		{9C5B08B4-7AA6-4816-B241-A1735FC3C37E}.Debug|x86.ActiveCfg = Debug|Win32
		{9C5B08B4-7AA6-4816-B241-A1735FC3C37E}.Debug|x86.Build.0 = Debug|Win32
		{9C5B08B4-7AA6-4816-B241-A1735FC3C37E}.Release|x64.ActiveCfg = Release|x64
		{9C5B08B4-7AA6-4816-B241-A1735FC3C37E}.Release|x64.Build.0 = Release|x64
		{9C5B08B4-7AA6-4816-B241-A1735FC3C37E}.Release|x86.ActiveCfg = Release|Win32
		{9C5B08B4-7AA6-4816-B241-A1735FC3C37E}.Release|x86.Build.0 = Release|Win32
		{A7EF8D11-05CE-478D-BBE7-964F5681197B}.Debug|x64.ActiveCfg = Debug|x64
		{A7EF8D11-05CE-478D-BBE7-964F5681197B}.Debug|x64.Build.0 = Debug|x64
		{A7EF8D11-05CE-478D-BBE7-964F5681197B}.Debug|x86.ActiveCfg = Debug|Win32
		{A7EF8D11-05CE-478D-BBE7-964F5681197B}.Debug|x86.Build.0 = Debug|Win32
		{A7EF8D11-05CE-478D-BBE7-964F5681197B}.Release|x64.ActiveCfg = Release|x64
		{A7EF8D11-05CE-478D-BBE7-964F5681197B}.Release|x64.Build.0 = Release|x64
		{A7EF8D11-05CE-478D-BBE7-964F5681197B}.Release|x86.ActiveCfg = Release|Win32
		{A7EF8D11-05CE-478D-BBE7-964F5681197B}.Release|x86.Build.0 = Release|Win32
	EndGlobalSection
	GlobalSection(SolutionProperties) = preSolution
		HideSolutionNode = FALSE
	EndGlobalSection
	GlobalSection(ExtensibilityGlobals) = postSolution
		SolutionGuid = {965AAFB5-C5AB-4CAC-85E6-985699455555}
	EndGlobalSection
EndGlobal
